
Microsoft Visual Studio Solution File, Format Version 12.00
# Visual Studio 15
VisualStudioVersion = 15.0.28010.2003
MinimumVisualStudioVersion = 10.0.40219.1
Project("{FAE04EC0-301F-11D3-BF4B-00C04F79EFBC}") = "Excercise_1", "Excercise_1\Excercise_1.csproj", "{5B533A68-6429-4436-9837-F0BE60E64EE7}"
EndProject
Global
	GlobalSection(SolutionConfigurationPlatforms) = preSolution
		Debug|Any CPU = Debug|Any CPU
		Release|Any CPU = Release|Any CPU
	EndGlobalSection
	GlobalSection(ProjectConfigurationPlatforms) = postSolution
		{5B533A68-6429-4436-9837-F0BE60E64EE7}.Debug|Any CPU.ActiveCfg = Debug|Any CPU
		{5B533A68-6429-4436-9837-F0BE60E64EE7}.Debug|Any CPU.Build.0 = Debug|Any CPU
		{5B533A68-6429-4436-9837-F0BE60E64EE7}.Release|Any CPU.ActiveCfg = Release|Any CPU
		{5B533A68-6429-4436-9837-F0BE60E64EE7}.Release|Any CPU.Build.0 = Release|Any CPU
	EndGlobalSection
	GlobalSection(SolutionProperties) = preSolution
		HideSolutionNode = FALSE
	EndGlobalSection
	GlobalSection(ExtensibilityGlobals) = postSolution
		SolutionGuid = {6DCB3E3E-67C4-4F47-9537-B9D82ECB1F33}
	EndGlobalSection
EndGlobal
